{
  "name": "prettier-plugin-xquery",
  "version": "1.0.0",
  "lockfileVersion": 3,
  "requires": true,
  "packages": {
    "": {
      "name": "prettier-plugin-xquery",
      "version": "1.0.0",
      "license": "ISC",
      "dependencies": {
        "fontoxpath": "^3.33.2",
        "prettier": "^3.5.3",
        "slimdom": "^4.3.5"
      }
    },
    "node_modules/fontoxpath": {
      "version": "3.33.2",
      "resolved": "https://registry.npmjs.org/fontoxpath/-/fontoxpath-3.33.2.tgz",
      "integrity": "sha512-MVtx/RYKiF91uDzcWsNmhKP4suRI+VLbR8ppB9Q1h9rhC0I48TgPh0U7JFGKAxFH70aJYr3/m3zBBKfATO52hQ==",
      "license": "MIT",
      "dependencies": {
        "prsc": "4.0.0",
        "xspattern": "^3.1.0"
      }
    },
    "node_modules/prettier": {
      "version": "3.5.3",
      "resolved": "https://registry.npmjs.org/prettier/-/prettier-3.5.3.tgz",
      "integrity": "sha512-QQtaxnoDJeAkDvDKWCLiwIXkTgRhwYDEQCghU9Z6q03iyek/rxRh/2lC3HB7P8sWT2xC/y5JDctPLBIGzHKbhw==",
      "license": "MIT",
      "bin": {
        "prettier": "bin/prettier.cjs"
      },
      "engines": {
        "node": ">=14"
      },
      "funding": {
        "url": "https://github.com/prettier/prettier?sponsor=1"
      }
    },
    "node_modules/prsc": {
      "version": "4.0.0",
      "resolved": "https://registry.npmjs.org/prsc/-/prsc-4.0.0.tgz",
      "integrity": "sha512-OmXQ2v76RlXNx/gqv7+oB6jyKnudJ/rsMfAIVexhbDFxXAJPoWKMxJkZU2ohlu4miCiSQCG+horf2DV4/kNc1Q==",
      "license": "MIT"
    },
    "node_modules/slimdom": {
      "version": "4.3.5",
      "resolved": "https://registry.npmjs.org/slimdom/-/slimdom-4.3.5.tgz",
      "integrity": "sha512-MoxdfngDk7nf8Vun0xB2AYBiHv3Qlua3Frf12n8ZLmXtfZoapfAQOKLSMCsemSyEU1UIyd503LJfYKJE+dxDTg==",
      "license": "MIT"
    },
    "node_modules/whynot": {
      "version": "5.0.0",
      "resolved": "https://registry.npmjs.org/whynot/-/whynot-5.0.0.tgz",
      "integrity": "sha512-cGGfDPYYqoHoMWqXVc3G+N74u1FhFhrBa+pOO906b9ktRc/JFUdwroTkfPqjKzyoCLVcKr6yy6bYIcWT7jTg2A==",
      "license": "MIT"
    },
    "node_modules/xspattern": {
      "version": "3.1.0",
      "resolved": "https://registry.npmjs.org/xspattern/-/xspattern-3.1.0.tgz",
      "integrity": "sha512-rxtOX8ORJizRqswIdZ72G3thKrHd0Q+TvyUCMByc5VdjDz1nkuZKfPXM3xGdrGi0fwEy+DDJN7DqtAZ06Re4bA==",
      "license": "MIT",
      "dependencies": {
        "whynot": "^5.0.0"
      }
    }
  }
}
